
Microsoft Visual Studio Solution File, Format Version 12.00
# Visual Studio Version 17
VisualStudioVersion = 17.5.33530.505
MinimumVisualStudioVersion = 10.0.40219.1
Project("{FAE04EC0-301F-11D3-BF4B-00C04F79EFBC}") = "Inlamning-Webbapp", "Inlamning-Webbapp.csproj", "{572384EF-651E-4F4E-A762-CA8BF2F3165B}"
EndProject
Global
	GlobalSection(SolutionConfigurationPlatforms) = preSolution
		Debug|Any CPU = Debug|Any CPU
		Release|Any CPU = Release|Any CPU
	EndGlobalSection
	GlobalSection(ProjectConfigurationPlatforms) = postSolution
		{572384EF-651E-4F4E-A762-CA8BF2F3165B}.Debug|Any CPU.ActiveCfg = Debug|Any CPU
		{572384EF-651E-4F4E-A762-CA8BF2F3165B}.Debug|Any CPU.Build.0 = Debug|Any CPU
		{572384EF-651E-4F4E-A762-CA8BF2F3165B}.Release|Any CPU.ActiveCfg = Release|Any CPU
		{572384EF-651E-4F4E-A762-CA8BF2F3165B}.Release|Any CPU.Build.0 = Release|Any CPU
	EndGlobalSection
	GlobalSection(SolutionProperties) = preSolution
		HideSolutionNode = FALSE
	EndGlobalSection
	GlobalSection(ExtensibilityGlobals) = postSolution
		SolutionGuid = {10C56D6B-79E2-41FA-9240-BD3F357DA7A9}
	EndGlobalSection
EndGlobal
